{
  "lockfile_version": "1",
  "packages": {
    "clj-kondo@latest": {
      "last_modified": "2025-06-20T02:24:11Z",
      "resolved": "github:NixOS/nixpkgs/076e8c6678d8c54204abcb4b1b14c366835a58bb#clj-kondo",
      "source": "devbox-search",
      "version": "2025.06.05",
      "systems": {
        "aarch64-darwin": {
          "outputs": [
            {
              "name": "out",
              "path": "/nix/store/37fn3hgcq0mp96zs80pk3zl2zh5cizag-clj-kondo-2025.06.05",
              "default": true
            }
          ],
          "store_path": "/nix/store/37fn3hgcq0mp96zs80pk3zl2zh5cizag-clj-kondo-2025.06.05"
        },
        "aarch64-linux": {
          "outputs": [
            {
              "name": "out",
              "path": "/nix/store/sigw3pbfxpb0lg0x9cgbjgnjjj8i0mnd-clj-kondo-2025.06.05",
              "default": true
            }
          ],
          "store_path": "/nix/store/sigw3pbfxpb0lg0x9cgbjgnjjj8i0mnd-clj-kondo-2025.06.05"
        },
        "x86_64-darwin": {
          "outputs": [
            {
              "name": "out",
              "path": "/nix/store/r1kk9jald0yl51cvh1z1cwmck8dpapyp-clj-kondo-2025.06.05",
              "default": true
            }
          ],
          "store_path": "/nix/store/r1kk9jald0yl51cvh1z1cwmck8dpapyp-clj-kondo-2025.06.05"
        },
        "x86_64-linux": {
          "outputs": [
            {
              "name": "out",
              "path": "/nix/store/3890x1jwis1r3l46c6d9429bci5bfq12-clj-kondo-2025.06.05",
              "default": true
            }
          ],
          "store_path": "/nix/store/3890x1jwis1r3l46c6d9429bci5bfq12-clj-kondo-2025.06.05"
        }
      }
    },
    "cljfmt@latest": {
      "last_modified": "2025-06-20T02:24:11Z",
      "resolved": "github:NixOS/nixpkgs/076e8c6678d8c54204abcb4b1b14c366835a58bb#cljfmt",
      "source": "devbox-search",
      "version": "0.13.1",
      "systems": {
        "aarch64-darwin": {
          "outputs": [
            {
              "name": "out",
              "path": "/nix/store/viz6saghl7gk6wkn1h84hrjx72p273mr-cljfmt-0.13.1",
              "default": true
            }
          ],
          "store_path": "/nix/store/viz6saghl7gk6wkn1h84hrjx72p273mr-cljfmt-0.13.1"
        },
        "aarch64-linux": {
          "outputs": [
            {
              "name": "out",
              "path": "/nix/store/kwwi29i0d5irc3fxg0kifb0vif7avlly-cljfmt-0.13.1",
              "default": true
            }
          ],
          "store_path": "/nix/store/kwwi29i0d5irc3fxg0kifb0vif7avlly-cljfmt-0.13.1"
        },
        "x86_64-darwin": {
          "outputs": [
            {
              "name": "out",
              "path": "/nix/store/vf9mqcvi10di7hh7ipcz3knfviq5qmli-cljfmt-0.13.1",
              "default": true
            }
          ],
          "store_path": "/nix/store/vf9mqcvi10di7hh7ipcz3knfviq5qmli-cljfmt-0.13.1"
        },
        "x86_64-linux": {
          "outputs": [
            {
              "name": "out",
              "path": "/nix/store/calkl6yqn774v1x5wgbi75j6r5v67khj-cljfmt-0.13.1",
              "default": true
            }
          ],
          "store_path": "/nix/store/calkl6yqn774v1x5wgbi75j6r5v67khj-cljfmt-0.13.1"
        }
      }
    },
    "clojure-lsp@latest": {
      "last_modified": "2025-06-20T02:24:11Z",
      "resolved": "github:NixOS/nixpkgs/076e8c6678d8c54204abcb4b1b14c366835a58bb#clojure-lsp",
      "source": "devbox-search",
      "version": "2025.06.06-19.04.49",
      "systems": {
        "aarch64-darwin": {
          "outputs": [
            {
              "name": "out",
              "path": "/nix/store/28vkn4ymys07qhrkcjg58l3pchnafaw5-clojure-lsp-2025.06.06-19.04.49",
              "default": true
            }
          ],
          "store_path": "/nix/store/28vkn4ymys07qhrkcjg58l3pchnafaw5-clojure-lsp-2025.06.06-19.04.49"
        },
        "aarch64-linux": {
          "outputs": [
            {
              "name": "out",
              "path": "/nix/store/3ypbn3lx60w7f6lg6y5hzdxrpf54z45c-clojure-lsp-2025.06.06-19.04.49",
              "default": true
            }
          ],
          "store_path": "/nix/store/3ypbn3lx60w7f6lg6y5hzdxrpf54z45c-clojure-lsp-2025.06.06-19.04.49"
        },
        "x86_64-darwin": {
          "outputs": [
            {
              "name": "out",
              "path": "/nix/store/rp9qhxxzgsrjdv9df6az9q8slvkyigl0-clojure-lsp-2025.06.06-19.04.49",
              "default": true
            }
          ],
          "store_path": "/nix/store/rp9qhxxzgsrjdv9df6az9q8slvkyigl0-clojure-lsp-2025.06.06-19.04.49"
        },
        "x86_64-linux": {
          "outputs": [
            {
              "name": "out",
              "path": "/nix/store/7z4wgs3x51ilzc9icnn8w4w1wp938sg0-clojure-lsp-2025.06.06-19.04.49",
              "default": true
            }
          ],
          "store_path": "/nix/store/7z4wgs3x51ilzc9icnn8w4w1wp938sg0-clojure-lsp-2025.06.06-19.04.49"
        }
      }
    },
    "clojure@latest": {
      "last_modified": "2025-06-20T02:24:11Z",
      "resolved": "github:NixOS/nixpkgs/076e8c6678d8c54204abcb4b1b14c366835a58bb#clojure",
      "source": "devbox-search",
      "version": "1.12.1.1550",
      "systems": {
        "aarch64-darwin": {
          "outputs": [
            {
              "name": "out",
              "path": "/nix/store/yrwi0ax43hkrls3p0jla37j19gyv3iv1-clojure-1.12.1.1550",
              "default": true
            }
          ],
          "store_path": "/nix/store/yrwi0ax43hkrls3p0jla37j19gyv3iv1-clojure-1.12.1.1550"
        },
        "aarch64-linux": {
          "outputs": [
            {
              "name": "out",
              "path": "/nix/store/5wjnlv4aqjhyzi3dpvqmff3qccz63bak-clojure-1.12.1.1550",
              "default": true
            }
          ],
          "store_path": "/nix/store/5wjnlv4aqjhyzi3dpvqmff3qccz63bak-clojure-1.12.1.1550"
        },
        "x86_64-darwin": {
          "outputs": [
            {
              "name": "out",
              "path": "/nix/store/l901y7f6a3z1akn4vwnzbra7bss7bmn0-clojure-1.12.1.1550",
              "default": true
            }
          ],
          "store_path": "/nix/store/l901y7f6a3z1akn4vwnzbra7bss7bmn0-clojure-1.12.1.1550"
        },
        "x86_64-linux": {
          "outputs": [
            {
              "name": "out",
              "path": "/nix/store/302f4d060z33fj6dyw3ih8cj552hal4b-clojure-1.12.1.1550",
              "default": true
            }
          ],
          "store_path": "/nix/store/302f4d060z33fj6dyw3ih8cj552hal4b-clojure-1.12.1.1550"
        }
      }
    },
    "docker@28.2.2": {
      "last_modified": "2025-07-01T15:05:04Z",
      "resolved": "github:NixOS/nixpkgs/d31a91c9b3bee464d054633d5f8b84e17a637862#docker",
      "source": "devbox-search",
      "version": "28.2.2",
      "systems": {
        "aarch64-darwin": {
          "outputs": [
            {
              "name": "out",
              "path": "/nix/store/qp5lb2djarp434svbnzqi7n2pkb5vqf3-docker-28.2.2",
              "default": true
            }
          ],
          "store_path": "/nix/store/qp5lb2djarp434svbnzqi7n2pkb5vqf3-docker-28.2.2"
        },
        "aarch64-linux": {
          "outputs": [
            {
              "name": "out",
              "path": "/nix/store/if4llwrb9xnhr3hv5flnh07g2p6kaf4w-docker-28.2.2",
              "default": true
            }
          ],
          "store_path": "/nix/store/if4llwrb9xnhr3hv5flnh07g2p6kaf4w-docker-28.2.2"
        },
        "x86_64-darwin": {
          "outputs": [
            {
              "name": "out",
              "path": "/nix/store/nrslgsq8110ndvs8kp0sjhj9ay7mr3xd-docker-28.2.2",
              "default": true
            }
          ],
          "store_path": "/nix/store/nrslgsq8110ndvs8kp0sjhj9ay7mr3xd-docker-28.2.2"
        },
        "x86_64-linux": {
          "outputs": [
            {
              "name": "out",
              "path": "/nix/store/1ran9jynr9fi24mdc7ayaar1sg8h7nsl-docker-28.2.2",
              "default": true
            }
          ],
          "store_path": "/nix/store/1ran9jynr9fi24mdc7ayaar1sg8h7nsl-docker-28.2.2"
        }
      }
    },
    "flyctl@latest": {
      "last_modified": "2025-07-08T22:16:38Z",
      "resolved": "github:NixOS/nixpkgs/2a2130494ad647f953593c4e84ea4df839fbd68c#flyctl",
      "source": "devbox-search",
      "version": "0.3.149",
      "systems": {
        "aarch64-darwin": {
          "outputs": [
            {
              "name": "out",
              "path": "/nix/store/arb83zm9fws15mdr4i5jx8sqp6s6fykm-flyctl-0.3.149",
              "default": true
            }
          ],
          "store_path": "/nix/store/arb83zm9fws15mdr4i5jx8sqp6s6fykm-flyctl-0.3.149"
        },
        "aarch64-linux": {
          "outputs": [
            {
              "name": "out",
              "path": "/nix/store/s63hswm6i8sfdn208aydz4n6bbm7gmqi-flyctl-0.3.149",
              "default": true
            }
          ],
          "store_path": "/nix/store/s63hswm6i8sfdn208aydz4n6bbm7gmqi-flyctl-0.3.149"
        },
        "x86_64-darwin": {
          "outputs": [
            {
              "name": "out",
              "path": "/nix/store/yyf5rivwz5ph17mr6m99vyx14kmvr8hb-flyctl-0.3.149",
              "default": true
            }
          ],
          "store_path": "/nix/store/yyf5rivwz5ph17mr6m99vyx14kmvr8hb-flyctl-0.3.149"
        },
        "x86_64-linux": {
          "outputs": [
            {
              "name": "out",
              "path": "/nix/store/1pb0glip36y5aav6m2iqybx7bh19m2dn-flyctl-0.3.149",
              "default": true
            }
          ],
          "store_path": "/nix/store/1pb0glip36y5aav6m2iqybx7bh19m2dn-flyctl-0.3.149"
        }
      }
    },
    "github:NixOS/nixpkgs/nixpkgs-unstable": {
      "last_modified": "2025-07-19T04:40:28Z",
      "resolved": "github:NixOS/nixpkgs/6b4955211758ba47fac850c040a27f23b9b4008f?lastModified=1752900028"
    },
    "glibcLocales@latest": {
      "last_modified": "2025-06-20T02:24:11Z",
      "resolved": "github:NixOS/nixpkgs/076e8c6678d8c54204abcb4b1b14c366835a58bb#glibcLocales",
      "source": "devbox-search",
      "version": "2.40-66",
      "systems": {
        "aarch64-linux": {
          "outputs": [
            {
              "name": "out",
              "path": "/nix/store/9jdphs69y73bnrqpnxp1kbzcf05llx5x-glibc-locales-2.40-66",
              "default": true
            }
          ],
          "store_path": "/nix/store/9jdphs69y73bnrqpnxp1kbzcf05llx5x-glibc-locales-2.40-66"
        },
        "x86_64-linux": {
          "outputs": [
            {
              "name": "out",
              "path": "/nix/store/pci0zgsd1lb0hp6rsicn8isq4ysiclqh-glibc-locales-2.40-66",
              "default": true
            }
          ],
          "store_path": "/nix/store/pci0zgsd1lb0hp6rsicn8isq4ysiclqh-glibc-locales-2.40-66"
        }
      }
    },
    "nodejs@24.2.0": {
      "last_modified": "2025-06-20T02:24:11Z",
      "plugin_version": "0.0.2",
      "resolved": "github:NixOS/nixpkgs/076e8c6678d8c54204abcb4b1b14c366835a58bb#nodejs_24",
      "source": "devbox-search",
      "version": "24.2.0",
      "systems": {
        "aarch64-darwin": {
          "outputs": [
            {
              "name": "out",
              "path": "/nix/store/78xjsjxlz816m628i9qfq6zd64fl0vx5-nodejs-24.2.0",
              "default": true
            },
            {
              "name": "dev",
              "path": "/nix/store/2qhf80f0drm10689vzl87qbhgkhv3zkh-nodejs-24.2.0-dev"
            },
            {
              "name": "libv8",
              "path": "/nix/store/vipmr51fhqazkm0il4pw192n6y7l49p0-nodejs-24.2.0-libv8"
            }
          ],
          "store_path": "/nix/store/78xjsjxlz816m628i9qfq6zd64fl0vx5-nodejs-24.2.0"
        },
        "aarch64-linux": {
          "outputs": [
            {
              "name": "out",
              "path": "/nix/store/zsdzmv6pakijcwsmqx5pczxbalkxbpsd-nodejs-24.2.0",
              "default": true
            },
            {
              "name": "dev",
              "path": "/nix/store/hr03sbf7a0x5784ykxld3hx6lxgqq8qy-nodejs-24.2.0-dev"
            },
            {
              "name": "libv8",
              "path": "/nix/store/z113gnz8adqwsvw0gzjc9n8m57z2j01z-nodejs-24.2.0-libv8"
            }
          ],
          "store_path": "/nix/store/zsdzmv6pakijcwsmqx5pczxbalkxbpsd-nodejs-24.2.0"
        },
        "x86_64-darwin": {
          "outputs": [
            {
              "name": "out",
              "path": "/nix/store/z70bvy27sg2n936q9lkcmqq3s8zxwjf9-nodejs-24.2.0",
              "default": true
            },
            {
              "name": "dev",
              "path": "/nix/store/0fd6d99l9xgdq8l1plsymkhywkpif5w6-nodejs-24.2.0-dev"
            },
            {
              "name": "libv8",
              "path": "/nix/store/bp2fjpbznyr93kwxlp5aw2j1xr6r3cg9-nodejs-24.2.0-libv8"
            }
          ],
          "store_path": "/nix/store/z70bvy27sg2n936q9lkcmqq3s8zxwjf9-nodejs-24.2.0"
        },
        "x86_64-linux": {
          "outputs": [
            {
              "name": "out",
              "path": "/nix/store/azpqgrv58akzqkj8fq8kb5dyc2jjk7zk-nodejs-24.2.0",
              "default": true
            },
            {
              "name": "dev",
              "path": "/nix/store/5wsjgd9sdsa6ria1302dc85ps84rlk7z-nodejs-24.2.0-dev"
            },
            {
              "name": "libv8",
              "path": "/nix/store/0277k6p1chq0f2ay559jiddj7z8rwgpm-nodejs-24.2.0-libv8"
            }
          ],
          "store_path": "/nix/store/azpqgrv58akzqkj8fq8kb5dyc2jjk7zk-nodejs-24.2.0"
        }
      }
    }
  }
}
